# This file is autogenerated, do not edit; changes may be undone by the next 'dep ensure'.


[[projects]]
  branch = "master"
  name = "github.com/bio-routing/bio-rd"
  packages = [
    "config",
    "net",
    "protocols/bgp/packet",
    "protocols/bgp/server",
    "protocols/bgp/types",
    "route",
    "routingtable",
    "routingtable/adjRIBIn",
    "routingtable/adjRIBOut",
    "routingtable/filter",
    "routingtable/filter/actions",
    "routingtable/locRIB"
  ]
  revision = "86f17a1f2e78c8cd7e4cb8438b54201827a07f75"

[[projects]]
  name = "github.com/davecgh/go-spew"
  packages = ["spew"]
  revision = "346938d642f2ec3594ed81d874461961cd0faa76"
  version = "v1.1.0"

[[projects]]
  name = "github.com/pmezard/go-difflib"
  packages = ["difflib"]
  revision = "792786c7400a136282c1664665ae0a8db921c6c2"
  version = "v1.0.0"

[[projects]]
  name = "github.com/sirupsen/logrus"
  packages = ["."]
  revision = "c155da19408a8799da419ed3eeb0cb5db0ad5dbc"
  version = "v1.0.5"

[[projects]]
  name = "github.com/stretchr/testify"
  packages = ["assert"]
  revision = "f35b8ab0b5a2cef36673838d662e249dd9c94686"
  version = "v1.2.2"

[[projects]]
  branch = "master"
  name = "github.com/taktv6/tflow2"
  packages = ["convert"]
  revision = "ac923fb5f4f7328d6a1f77e4bff03fd38b0ae9e3"

[[projects]]
  branch = "master"
  name = "golang.org/x/crypto"
  packages = ["ssh/terminal"]
  revision = "a49355c7e3f8fe157a85be2f77e6e269a0f89602"

[[projects]]
  branch = "master"
  name = "golang.org/x/sys"
  packages = [
    "unix",
    "windows"
  ]
  revision = "ac767d655b305d4e9612f5f6e33120b9176c4ad4"

[[projects]]
  name = "gopkg.in/yaml.v2"
  packages = ["."]
  revision = "5420a8b6744d3b0345ab293f6fcba19c978f1183"
  version = "v2.2.1"

[solve-meta]
  analyzer-name = "dep"
  analyzer-version = 1
  inputs-digest = "8cebcecaf32ba51355a51732f3ea4a41d11897a37899783068a38548dff169bf"
  solver-name = "gps-cdcl"
  solver-version = 1
